
Microsoft Visual Studio Solution File, Format Version 12.00
# Visual Studio Version 17
VisualStudioVersion = 17.14.36301.6 d17.14
MinimumVisualStudioVersion = 10.0.40219.1
Project("{FAE04EC0-301F-11D3-BF4B-00C04F79EFBC}") = "ConsoleApp1", "ConsoleApp1.csproj", "{BECC2A03-3E0A-4D84-A763-DB0D9580879C}"
EndProject
Global
	GlobalSection(SolutionConfigurationPlatforms) = preSolution
		Debug|Any CPU = Debug|Any CPU
		Release|Any CPU = Release|Any CPU
	EndGlobalSection
	GlobalSection(ProjectConfigurationPlatforms) = postSolution
		{BECC2A03-3E0A-4D84-A763-DB0D9580879C}.Debug|Any CPU.ActiveCfg = Debug|Any CPU
		{BECC2A03-3E0A-4D84-A763-DB0D9580879C}.Debug|Any CPU.Build.0 = Debug|Any CPU
		{BECC2A03-3E0A-4D84-A763-DB0D9580879C}.Release|Any CPU.ActiveCfg = Release|Any CPU
		{BECC2A03-3E0A-4D84-A763-DB0D9580879C}.Release|Any CPU.Build.0 = Release|Any CPU
	EndGlobalSection
	GlobalSection(SolutionProperties) = preSolution
		HideSolutionNode = FALSE
	EndGlobalSection
	GlobalSection(ExtensibilityGlobals) = postSolution
		SolutionGuid = {5D3199AF-8BC1-4992-8B45-073F624356D4}
	EndGlobalSection
EndGlobal
